// !$*UTF8*$!
{
	archiveVersion = 1;
	classes = {
	};
	objectVersion = 48;
	objects = {

/* Begin PBXBuildFile section */
		0F7297C02086B76400F3D67A /* AppDelegate.swift in Sources */ = {isa = PBXBuildFile; fileRef = 0F7297BF2086B76400F3D67A /* AppDelegate.swift */; };
		0F7297C22086B76400F3D67A /* GameScene.sks in Resources */ = {isa = PBXBuildFile; fileRef = 0F7297C12086B76400F3D67A /* GameScene.sks */; };
		0F7297C42086B76400F3D67A /* Actions.sks in Resources */ = {isa = PBXBuildFile; fileRef = 0F7297C32086B76400F3D67A /* Actions.sks */; };
		0F7297C62086B76400F3D67A /* GameScene.swift in Sources */ = {isa = PBXBuildFile; fileRef = 0F7297C52086B76400F3D67A /* GameScene.swift */; };
		0F7297C82086B76400F3D67A /* GameViewController.swift in Sources */ = {isa = PBXBuildFile; fileRef = 0F7297C72086B76400F3D67A /* GameViewController.swift */; };
		0F7297CB2086B76400F3D67A /* Main.storyboard in Resources */ = {isa = PBXBuildFile; fileRef = 0F7297C92086B76400F3D67A /* Main.storyboard */; };
		0F7297CD2086B76400F3D67A /* Assets.xcassets in Resources */ = {isa = PBXBuildFile; fileRef = 0F7297CC2086B76400F3D67A /* Assets.xcassets */; };
		0F7297D02086B76400F3D67A /* LaunchScreen.storyboard in Resources */ = {isa = PBXBuildFile; fileRef = 0F7297CE2086B76400F3D67A /* LaunchScreen.storyboard */; };
		0F7297DB2086B76400F3D67A /* WireLoopTests.swift in Sources */ = {isa = PBXBuildFile; fileRef = 0F7297DA2086B76400F3D67A /* WireLoopTests.swift */; };
		0F7297E62086B76400F3D67A /* WireLoopUITests.swift in Sources */ = {isa = PBXBuildFile; fileRef = 0F7297E52086B76400F3D67A /* WireLoopUITests.swift */; };
		0F7297F52086B83E00F3D67A /* HitSound.mp3 in Resources */ = {isa = PBXBuildFile; fileRef = 0F7297F32086B83D00F3D67A /* HitSound.mp3 */; };
		0F7297F62086B83E00F3D67A /* player.atlas in Resources */ = {isa = PBXBuildFile; fileRef = 0F7297F42086B83E00F3D67A /* player.atlas */; };
		0F7297F82086B98900F3D67A /* GameElements.swift in Sources */ = {isa = PBXBuildFile; fileRef = 0F7297F72086B98900F3D67A /* GameElements.swift */; };
/* End PBXBuildFile section */

/* Begin PBXContainerItemProxy section */
		0F7297D72086B76400F3D67A /* PBXContainerItemProxy */ = {
			isa = PBXContainerItemProxy;
			containerPortal = 0F7297B42086B76400F3D67A /* Project object */;
			proxyType = 1;
			remoteGlobalIDString = 0F7297BB2086B76400F3D67A;
			remoteInfo = WireLoop;
		};
		0F7297E22086B76400F3D67A /* PBXContainerItemProxy */ = {
			isa = PBXContainerItemProxy;
			containerPortal = 0F7297B42086B76400F3D67A /* Project object */;
			proxyType = 1;
			remoteGlobalIDString = 0F7297BB2086B76400F3D67A;
			remoteInfo = WireLoop;
		};
/* End PBXContainerItemProxy section */

/* Begin PBXFileReference section */
		0F7297BC2086B76400F3D67A /* WireLoop.app */ = {isa = PBXFileReference; explicitFileType = wrapper.application; includeInIndex = 0; path = WireLoop.app; sourceTree = BUILT_PRODUCTS_DIR; };
		0F7297BF2086B76400F3D67A /* AppDelegate.swift */ = {isa = PBXFileReference; lastKnownFileType = sourcecode.swift; path = AppDelegate.swift; sourceTree = "<group>"; };
		0F7297C12086B76400F3D67A /* GameScene.sks */ = {isa = PBXFileReference; lastKnownFileType = file.sks; path = GameScene.sks; sourceTree = "<group>"; };
		0F7297C32086B76400F3D67A /* Actions.sks */ = {isa = PBXFileReference; lastKnownFileType = file.sks; path = Actions.sks; sourceTree = "<group>"; };
		0F7297C52086B76400F3D67A /* GameScene.swift */ = {isa = PBXFileReference; lastKnownFileType = sourcecode.swift; path = GameScene.swift; sourceTree = "<group>"; };
		0F7297C72086B76400F3D67A /* GameViewController.swift */ = {isa = PBXFileReference; lastKnownFileType = sourcecode.swift; path = GameViewController.swift; sourceTree = "<group>"; };
		0F7297CA2086B76400F3D67A /* Base */ = {isa = PBXFileReference; lastKnownFileType = file.storyboard; name = Base; path = Base.lproj/Main.storyboard; sourceTree = "<group>"; };
		0F7297CC2086B76400F3D67A /* Assets.xcassets */ = {isa = PBXFileReference; lastKnownFileType = folder.assetcatalog; path = Assets.xcassets; sourceTree = "<group>"; };
		0F7297CF2086B76400F3D67A /* Base */ = {isa = PBXFileReference; lastKnownFileType = file.storyboard; name = Base; path = Base.lproj/LaunchScreen.storyboard; sourceTree = "<group>"; };
		0F7297D12086B76400F3D67A /* Info.plist */ = {isa = PBXFileReference; lastKnownFileType = text.plist.xml; path = Info.plist; sourceTree = "<group>"; };
		0F7297D62086B76400F3D67A /* WireLoopTests.xctest */ = {isa = PBXFileReference; explicitFileType = wrapper.cfbundle; includeInIndex = 0; path = WireLoopTests.xctest; sourceTree = BUILT_PRODUCTS_DIR; };
		0F7297DA2086B76400F3D67A /* WireLoopTests.swift */ = {isa = PBXFileReference; lastKnownFileType = sourcecode.swift; path = WireLoopTests.swift; sourceTree = "<group>"; };
		0F7297DC2086B76400F3D67A /* Info.plist */ = {isa = PBXFileReference; lastKnownFileType = text.plist.xml; path = Info.plist; sourceTree = "<group>"; };
		0F7297E12086B76400F3D67A /* WireLoopUITests.xctest */ = {isa = PBXFileReference; explicitFileType = wrapper.cfbundle; includeInIndex = 0; path = WireLoopUITests.xctest; sourceTree = BUILT_PRODUCTS_DIR; };
		0F7297E52086B76400F3D67A /* WireLoopUITests.swift */ = {isa = PBXFileReference; lastKnownFileType = sourcecode.swift; path = WireLoopUITests.swift; sourceTree = "<group>"; };
		0F7297E72086B76400F3D67A /* Info.plist */ = {isa = PBXFileReference; lastKnownFileType = text.plist.xml; path = Info.plist; sourceTree = "<group>"; };
		0F7297F32086B83D00F3D67A /* HitSound.mp3 */ = {isa = PBXFileReference; lastKnownFileType = audio.mp3; path = HitSound.mp3; sourceTree = "<group>"; };
		0F7297F42086B83E00F3D67A /* player.atlas */ = {isa = PBXFileReference; lastKnownFileType = folder.skatlas; path = player.atlas; sourceTree = "<group>"; };
		0F7297F72086B98900F3D67A /* GameElements.swift */ = {isa = PBXFileReference; lastKnownFileType = sourcecode.swift; path = GameElements.swift; sourceTree = "<group>"; };
/* End PBXFileReference section */

/* Begin PBXFrameworksBuildPhase section */
		0F7297B92086B76400F3D67A /* Frameworks */ = {
			isa = PBXFrameworksBuildPhase;
			buildActionMask = 2147483647;
			files = (
			);
			runOnlyForDeploymentPostprocessing = 0;
		};
		0F7297D32086B76400F3D67A /* Frameworks */ = {
			isa = PBXFrameworksBuildPhase;
			buildActionMask = 2147483647;
			files = (
			);
			runOnlyForDeploymentPostprocessing = 0;
		};
		0F7297DE2086B76400F3D67A /* Frameworks */ = {
			isa = PBXFrameworksBuildPhase;
			buildActionMask = 2147483647;
			files = (
			);
			runOnlyForDeploymentPostprocessing = 0;
		};
/* End PBXFrameworksBuildPhase section */

/* Begin PBXGroup section */
		0F7297B32086B76400F3D67A = {
			isa = PBXGroup;
			children = (
				0F7297BE2086B76400F3D67A /* WireLoop */,
				0F7297D92086B76400F3D67A /* WireLoopTests */,
				0F7297E42086B76400F3D67A /* WireLoopUITests */,
				0F7297BD2086B76400F3D67A /* Products */,
			);
			sourceTree = "<group>";
		};
		0F7297BD2086B76400F3D67A /* Products */ = {
			isa = PBXGroup;
			children = (
				0F7297BC2086B76400F3D67A /* WireLoop.app */,
				0F7297D62086B76400F3D67A /* WireLoopTests.xctest */,
				0F7297E12086B76400F3D67A /* WireLoopUITests.xctest */,
			);
			name = Products;
			sourceTree = "<group>";
		};
		0F7297BE2086B76400F3D67A /* WireLoop */ = {
			isa = PBXGroup;
			children = (
				0F7297F32086B83D00F3D67A /* HitSound.mp3 */,
				0F7297F42086B83E00F3D67A /* player.atlas */,
				0F7297BF2086B76400F3D67A /* AppDelegate.swift */,
				0F7297C12086B76400F3D67A /* GameScene.sks */,
				0F7297C32086B76400F3D67A /* Actions.sks */,
				0F7297F72086B98900F3D67A /* GameElements.swift */,
				0F7297C52086B76400F3D67A /* GameScene.swift */,
				0F7297C72086B76400F3D67A /* GameViewController.swift */,
				0F7297C92086B76400F3D67A /* Main.storyboard */,
				0F7297CC2086B76400F3D67A /* Assets.xcassets */,
				0F7297CE2086B76400F3D67A /* LaunchScreen.storyboard */,
				0F7297D12086B76400F3D67A /* Info.plist */,
			);
			path = WireLoop;
			sourceTree = "<group>";
		};
		0F7297D92086B76400F3D67A /* WireLoopTests */ = {
			isa = PBXGroup;
			children = (
				0F7297DA2086B76400F3D67A /* WireLoopTests.swift */,
				0F7297DC2086B76400F3D67A /* Info.plist */,
			);
			path = WireLoopTests;
			sourceTree = "<group>";
		};
		0F7297E42086B76400F3D67A /* WireLoopUITests */ = {
			isa = PBXGroup;
			children = (
				0F7297E52086B76400F3D67A /* WireLoopUITests.swift */,
				0F7297E72086B76400F3D67A /* Info.plist */,
			);
			path = WireLoopUITests;
			sourceTree = "<group>";
		};
/* End PBXGroup section */

/* Begin PBXNativeTarget section */
		0F7297BB2086B76400F3D67A /* WireLoop */ = {
			isa = PBXNativeTarget;
			buildConfigurationList = 0F7297EA2086B76400F3D67A /* Build configuration list for PBXNativeTarget "WireLoop" */;
			buildPhases = (
				0F7297B82086B76400F3D67A /* Sources */,
				0F7297B92086B76400F3D67A /* Frameworks */,
				0F7297BA2086B76400F3D67A /* Resources */,
			);
			buildRules = (
			);
			dependencies = (
			);
			name = WireLoop;
			productName = WireLoop;
			productReference = 0F7297BC2086B76400F3D67A /* WireLoop.app */;
			productType = "com.apple.product-type.application";
		};
		0F7297D52086B76400F3D67A /* WireLoopTests */ = {
			isa = PBXNativeTarget;
			buildConfigurationList = 0F7297ED2086B76400F3D67A /* Build configuration list for PBXNativeTarget "WireLoopTests" */;
			buildPhases = (
				0F7297D22086B76400F3D67A /* Sources */,
				0F7297D32086B76400F3D67A /* Frameworks */,
				0F7297D42086B76400F3D67A /* Resources */,
			);
			buildRules = (
			);
			dependencies = (
				0F7297D82086B76400F3D67A /* PBXTargetDependency */,
			);
			name = WireLoopTests;
			productName = WireLoopTests;
			productReference = 0F7297D62086B76400F3D67A /* WireLoopTests.xctest */;
			productType = "com.apple.product-type.bundle.unit-test";
		};
		0F7297E02086B76400F3D67A /* WireLoopUITests */ = {
			isa = PBXNativeTarget;
			buildConfigurationList = 0F7297F02086B76400F3D67A /* Build configuration list for PBXNativeTarget "WireLoopUITests" */;
			buildPhases = (
				0F7297DD2086B76400F3D67A /* Sources */,
				0F7297DE2086B76400F3D67A /* Frameworks */,
				0F7297DF2086B76400F3D67A /* Resources */,
			);
			buildRules = (
			);
			dependencies = (
				0F7297E32086B76400F3D67A /* PBXTargetDependency */,
			);
			name = WireLoopUITests;
			productName = WireLoopUITests;
			productReference = 0F7297E12086B76400F3D67A /* WireLoopUITests.xctest */;
			productType = "com.apple.product-type.bundle.ui-testing";
		};
/* End PBXNativeTarget section */

/* Begin PBXProject section */
		0F7297B42086B76400F3D67A /* Project object */ = {
			isa = PBXProject;
			attributes = {
				LastSwiftUpdateCheck = 0920;
				LastUpgradeCheck = 0920;
				ORGANIZATIONNAME = "Yas Marcu";
				TargetAttributes = {
					0F7297BB2086B76400F3D67A = {
						CreatedOnToolsVersion = 9.2;
						ProvisioningStyle = Automatic;
					};
					0F7297D52086B76400F3D67A = {
						CreatedOnToolsVersion = 9.2;
						ProvisioningStyle = Automatic;
						TestTargetID = 0F7297BB2086B76400F3D67A;
					};
					0F7297E02086B76400F3D67A = {
						CreatedOnToolsVersion = 9.2;
						ProvisioningStyle = Automatic;
						TestTargetID = 0F7297BB2086B76400F3D67A;
					};
				};
			};
			buildConfigurationList = 0F7297B72086B76400F3D67A /* Build configuration list for PBXProject "WireLoop" */;
			compatibilityVersion = "Xcode 8.0";
			developmentRegion = en;
			hasScannedForEncodings = 0;
			knownRegions = (
				en,
				Base,
			);
			mainGroup = 0F7297B32086B76400F3D67A;
			productRefGroup = 0F7297BD2086B76400F3D67A /* Products */;
			projectDirPath = "";
			projectRoot = "";
			targets = (
				0F7297BB2086B76400F3D67A /* WireLoop */,
				0F7297D52086B76400F3D67A /* WireLoopTests */,
				0F7297E02086B76400F3D67A /* WireLoopUITests */,
			);
		};
/* End PBXProject section */

/* Begin PBXResourcesBuildPhase section */
		0F7297BA2086B76400F3D67A /* Resources */ = {
			isa = PBXResourcesBuildPhase;
			buildActionMask = 2147483647;
			files = (
				0F7297CB2086B76400F3D67A /* Main.storyboard in Resources */,
				0F7297C22086B76400F3D67A /* GameScene.sks in Resources */,
				0F7297F52086B83E00F3D67A /* HitSound.mp3 in Resources */,
				0F7297CD2086B76400F3D67A /* Assets.xcassets in Resources */,
				0F7297F62086B83E00F3D67A /* player.atlas in Resources */,
				0F7297D02086B76400F3D67A /* LaunchScreen.storyboard in Resources */,
				0F7297C42086B76400F3D67A /* Actions.sks in Resources */,
			);
			runOnlyForDeploymentPostprocessing = 0;
		};
		0F7297D42086B76400F3D67A /* Resources */ = {
			isa = PBXResourcesBuildPhase;
			buildActionMask = 2147483647;
			files = (
			);
			runOnlyForDeploymentPostprocessing = 0;
		};
		0F7297DF2086B76400F3D67A /* Resources */ = {
			isa = PBXResourcesBuildPhase;
			buildActionMask = 2147483647;
			files = (
			);
			runOnlyForDeploymentPostprocessing = 0;
		};
/* End PBXResourcesBuildPhase section */

/* Begin PBXSourcesBuildPhase section */
		0F7297B82086B76400F3D67A /* Sources */ = {
			isa = PBXSourcesBuildPhase;
			buildActionMask = 2147483647;
			files = (
				0F7297F82086B98900F3D67A /* GameElements.swift in Sources */,
				0F7297C62086B76400F3D67A /* GameScene.swift in Sources */,
				0F7297C82086B76400F3D67A /* GameViewController.swift in Sources */,
				0F7297C02086B76400F3D67A /* AppDelegate.swift in Sources */,
			);
			runOnlyForDeploymentPostprocessing = 0;
		};
		0F7297D22086B76400F3D67A /* Sources */ = {
			isa = PBXSourcesBuildPhase;
			buildActionMask = 2147483647;
			files = (
				0F7297DB2086B76400F3D67A /* WireLoopTests.swift in Sources */,
			);
			runOnlyForDeploymentPostprocessing = 0;
		};
		0F7297DD2086B76400F3D67A /* Sources */ = {
			isa = PBXSourcesBuildPhase;
			buildActionMask = 2147483647;
			files = (
				0F7297E62086B76400F3D67A /* WireLoopUITests.swift in Sources */,
			);
			runOnlyForDeploymentPostprocessing = 0;
		};
/* End PBXSourcesBuildPhase section */

/* Begin PBXTargetDependency section */
		0F7297D82086B76400F3D67A /* PBXTargetDependency */ = {
			isa = PBXTargetDependency;
			target = 0F7297BB2086B76400F3D67A /* WireLoop */;
			targetProxy = 0F7297D72086B76400F3D67A /* PBXContainerItemProxy */;
		};
		0F7297E32086B76400F3D67A /* PBXTargetDependency */ = {
			isa = PBXTargetDependency;
			target = 0F7297BB2086B76400F3D67A /* WireLoop */;
			targetProxy = 0F7297E22086B76400F3D67A /* PBXContainerItemProxy */;
		};
/* End PBXTargetDependency section */

/* Begin PBXVariantGroup section */
		0F7297C92086B76400F3D67A /* Main.storyboard */ = {
			isa = PBXVariantGroup;
			children = (
				0F7297CA2086B76400F3D67A /* Base */,
			);
			name = Main.storyboard;
			sourceTree = "<group>";
		};
		0F7297CE2086B76400F3D67A /* LaunchScreen.storyboard */ = {
			isa = PBXVariantGroup;
			children = (
				0F7297CF2086B76400F3D67A /* Base */,
			);
			name = LaunchScreen.storyboard;
			sourceTree = "<group>";
		};
/* End PBXVariantGroup section */

/* Begin XCBuildConfiguration section */
		0F7297E82086B76400F3D67A /* Debug */ = {
			isa = XCBuildConfiguration;
			buildSettings = {
				ALWAYS_SEARCH_USER_PATHS = NO;
				CLANG_ANALYZER_NONNULL = YES;
				CLANG_ANALYZER_NUMBER_OBJECT_CONVERSION = YES_AGGRESSIVE;
				CLANG_CXX_LANGUAGE_STANDARD = "gnu++14";
				CLANG_CXX_LIBRARY = "libc++";
				CLANG_ENABLE_MODULES = YES;
				CLANG_ENABLE_OBJC_ARC = YES;
				CLANG_WARN_BLOCK_CAPTURE_AUTORELEASING = YES;
				CLANG_WARN_BOOL_CONVERSION = YES;
				CLANG_WARN_COMMA = YES;
				CLANG_WARN_CONSTANT_CONVERSION = YES;
				CLANG_WARN_DIRECT_OBJC_ISA_USAGE = YES_ERROR;
				CLANG_WARN_DOCUMENTATION_COMMENTS = YES;
				CLANG_WARN_EMPTY_BODY = YES;
				CLANG_WARN_ENUM_CONVERSION = YES;
				CLANG_WARN_INFINITE_RECURSION = YES;
				CLANG_WARN_INT_CONVERSION = YES;
				CLANG_WARN_NON_LITERAL_NULL_CONVERSION = YES;
				CLANG_WARN_OBJC_LITERAL_CONVERSION = YES;
				CLANG_WARN_OBJC_ROOT_CLASS = YES_ERROR;
				CLANG_WARN_RANGE_LOOP_ANALYSIS = YES;
				CLANG_WARN_STRICT_PROTOTYPES = YES;
				CLANG_WARN_SUSPICIOUS_MOVE = YES;
				CLANG_WARN_UNGUARDED_AVAILABILITY = YES_AGGRESSIVE;
				CLANG_WARN_UNREACHABLE_CODE = YES;
				CLANG_WARN__DUPLICATE_METHOD_MATCH = YES;
				CODE_SIGN_IDENTITY = "iPhone Developer";
				COPY_PHASE_STRIP = NO;
				DEBUG_INFORMATION_FORMAT = dwarf;
				ENABLE_STRICT_OBJC_MSGSEND = YES;
				ENABLE_TESTABILITY = YES;
				GCC_C_LANGUAGE_STANDARD = gnu11;
				GCC_DYNAMIC_NO_PIC = NO;
				GCC_NO_COMMON_BLOCKS = YES;
				GCC_OPTIMIZATION_LEVEL = 0;
				GCC_PREPROCESSOR_DEFINITIONS = (
					"DEBUG=1",
					"$(inherited)",
				);
				GCC_WARN_64_TO_32_BIT_CONVERSION = YES;
				GCC_WARN_ABOUT_RETURN_TYPE = YES_ERROR;
				GCC_WARN_UNDECLARED_SELECTOR = YES;
				GCC_WARN_UNINITIALIZED_AUTOS = YES_AGGRESSIVE;
				GCC_WARN_UNUSED_FUNCTION = YES;
				GCC_WARN_UNUSED_VARIABLE = YES;
				IPHONEOS_DEPLOYMENT_TARGET = 11.2;
				MTL_ENABLE_DEBUG_INFO = YES;
				ONLY_ACTIVE_ARCH = YES;
				SDKROOT = iphoneos;
				SWIFT_ACTIVE_COMPILATION_CONDITIONS = DEBUG;
				SWIFT_OPTIMIZATION_LEVEL = "-Onone";
			};
			name = Debug;
		};
		0F7297E92086B76400F3D67A /* Release */ = {
			isa = XCBuildConfiguration;
			buildSettings = {
				ALWAYS_SEARCH_USER_PATHS = NO;
				CLANG_ANALYZER_NONNULL = YES;
				CLANG_ANALYZER_NUMBER_OBJECT_CONVERSION = YES_AGGRESSIVE;
				CLANG_CXX_LANGUAGE_STANDARD = "gnu++14";
				CLANG_CXX_LIBRARY = "libc++";
				CLANG_ENABLE_MODULES = YES;
				CLANG_ENABLE_OBJC_ARC = YES;
				CLANG_WARN_BLOCK_CAPTURE_AUTORELEASING = YES;
				CLANG_WARN_BOOL_CONVERSION = YES;
				CLANG_WARN_COMMA = YES;
				CLANG_WARN_CONSTANT_CONVERSION = YES;
				CLANG_WARN_DIRECT_OBJC_ISA_USAGE = YES_ERROR;
				CLANG_WARN_DOCUMENTATION_COMMENTS = YES;
				CLANG_WARN_EMPTY_BODY = YES;
				CLANG_WARN_ENUM_CONVERSION = YES;
				CLANG_WARN_INFINITE_RECURSION = YES;
				CLANG_WARN_INT_CONVERSION = YES;
				CLANG_WARN_NON_LITERAL_NULL_CONVERSION = YES;
				CLANG_WARN_OBJC_LITERAL_CONVERSION = YES;
				CLANG_WARN_OBJC_ROOT_CLASS = YES_ERROR;
				CLANG_WARN_RANGE_LOOP_ANALYSIS = YES;
				CLANG_WARN_STRICT_PROTOTYPES = YES;
				CLANG_WARN_SUSPICIOUS_MOVE = YES;
				CLANG_WARN_UNGUARDED_AVAILABILITY = YES_AGGRESSIVE;
				CLANG_WARN_UNREACHABLE_CODE = YES;
				CLANG_WARN__DUPLICATE_METHOD_MATCH = YES;
				CODE_SIGN_IDENTITY = "iPhone Developer";
				COPY_PHASE_STRIP = NO;
				DEBUG_INFORMATION_FORMAT = "dwarf-with-dsym";
				ENABLE_NS_ASSERTIONS = NO;
				ENABLE_STRICT_OBJC_MSGSEND = YES;
				GCC_C_LANGUAGE_STANDARD = gnu11;
				GCC_NO_COMMON_BLOCKS = YES;
				GCC_WARN_64_TO_32_BIT_CONVERSION = YES;
				GCC_WARN_ABOUT_RETURN_TYPE = YES_ERROR;
				GCC_WARN_UNDECLARED_SELECTOR = YES;
				GCC_WARN_UNINITIALIZED_AUTOS = YES_AGGRESSIVE;
				GCC_WARN_UNUSED_FUNCTION = YES;
				GCC_WARN_UNUSED_VARIABLE = YES;
				IPHONEOS_DEPLOYMENT_TARGET = 11.2;
				MTL_ENABLE_DEBUG_INFO = NO;
				SDKROOT = iphoneos;
				SWIFT_OPTIMIZATION_LEVEL = "-Owholemodule";
				VALIDATE_PRODUCT = YES;
			};
			name = Release;
		};
		0F7297EB2086B76400F3D67A /* Debug */ = {
			isa = XCBuildConfiguration;
			buildSettings = {
				ASSETCATALOG_COMPILER_APPICON_NAME = AppIcon;
				CODE_SIGN_STYLE = Automatic;
				DEVELOPMENT_TEAM = K87C2842H7;
				INFOPLIST_FILE = WireLoop/Info.plist;
				LD_RUNPATH_SEARCH_PATHS = "$(inherited) @executable_path/Frameworks";
				PRODUCT_BUNDLE_IDENTIFIER = com.YasMarcu.WireLoop;
				PRODUCT_NAME = "$(TARGET_NAME)";
				SWIFT_VERSION = 4.0;
				TARGETED_DEVICE_FAMILY = "1,2";
			};
			name = Debug;
		};
		0F7297EC2086B76400F3D67A /* Release */ = {
			isa = XCBuildConfiguration;
			buildSettings = {
				ASSETCATALOG_COMPILER_APPICON_NAME = AppIcon;
				CODE_SIGN_STYLE = Automatic;
				DEVELOPMENT_TEAM = K87C2842H7;
				INFOPLIST_FILE = WireLoop/Info.plist;
				LD_RUNPATH_SEARCH_PATHS = "$(inherited) @executable_path/Frameworks";
				PRODUCT_BUNDLE_IDENTIFIER = com.YasMarcu.WireLoop;
				PRODUCT_NAME = "$(TARGET_NAME)";
				SWIFT_VERSION = 4.0;
				TARGETED_DEVICE_FAMILY = "1,2";
			};
			name = Release;
		};
		0F7297EE2086B76400F3D67A /* Debug */ = {
			isa = XCBuildConfiguration;
			buildSettings = {
				ALWAYS_EMBED_SWIFT_STANDARD_LIBRARIES = YES;
				BUNDLE_LOADER = "$(TEST_HOST)";
				CODE_SIGN_STYLE = Automatic;
				DEVELOPMENT_TEAM = K87C2842H7;
				INFOPLIST_FILE = WireLoopTests/Info.plist;
				LD_RUNPATH_SEARCH_PATHS = "$(inherited) @executable_path/Frameworks @loader_path/Frameworks";
				PRODUCT_BUNDLE_IDENTIFIER = com.YasMarcu.WireLoopTests;
				PRODUCT_NAME = "$(TARGET_NAME)";
				SWIFT_VERSION = 4.0;
				TARGETED_DEVICE_FAMILY = "1,2";
				TEST_HOST = "$(BUILT_PRODUCTS_DIR)/WireLoop.app/WireLoop";
			};
			name = Debug;
		};
		0F7297EF2086B76400F3D67A /* Release */ = {
			isa = XCBuildConfiguration;
			buildSettings = {
				ALWAYS_EMBED_SWIFT_STANDARD_LIBRARIES = YES;
				BUNDLE_LOADER = "$(TEST_HOST)";
				CODE_SIGN_STYLE = Automatic;
				DEVELOPMENT_TEAM = K87C2842H7;
				INFOPLIST_FILE = WireLoopTests/Info.plist;
				LD_RUNPATH_SEARCH_PATHS = "$(inherited) @executable_path/Frameworks @loader_path/Frameworks";
				PRODUCT_BUNDLE_IDENTIFIER = com.YasMarcu.WireLoopTests;
				PRODUCT_NAME = "$(TARGET_NAME)";
				SWIFT_VERSION = 4.0;
				TARGETED_DEVICE_FAMILY = "1,2";
				TEST_HOST = "$(BUILT_PRODUCTS_DIR)/WireLoop.app/WireLoop";
			};
			name = Release;
		};
		0F7297F12086B76400F3D67A /* Debug */ = {
			isa = XCBuildConfiguration;
			buildSettings = {
				ALWAYS_EMBED_SWIFT_STANDARD_LIBRARIES = YES;
				CODE_SIGN_STYLE = Automatic;
				DEVELOPMENT_TEAM = K87C2842H7;
				INFOPLIST_FILE = WireLoopUITests/Info.plist;
				LD_RUNPATH_SEARCH_PATHS = "$(inherited) @executable_path/Frameworks @loader_path/Frameworks";
				PRODUCT_BUNDLE_IDENTIFIER = com.YasMarcu.WireLoopUITests;
				PRODUCT_NAME = "$(TARGET_NAME)";
				SWIFT_VERSION = 4.0;
				TARGETED_DEVICE_FAMILY = "1,2";
				TEST_TARGET_NAME = WireLoop;
			};
			name = Debug;
		};
		0F7297F22086B76400F3D67A /* Release */ = {
			isa = XCBuildConfiguration;
			buildSettings = {
				ALWAYS_EMBED_SWIFT_STANDARD_LIBRARIES = YES;
				CODE_SIGN_STYLE = Automatic;
				DEVELOPMENT_TEAM = K87C2842H7;
				INFOPLIST_FILE = WireLoopUITests/Info.plist;
				LD_RUNPATH_SEARCH_PATHS = "$(inherited) @executable_path/Frameworks @loader_path/Frameworks";
				PRODUCT_BUNDLE_IDENTIFIER = com.YasMarcu.WireLoopUITests;
				PRODUCT_NAME = "$(TARGET_NAME)";
				SWIFT_VERSION = 4.0;
				TARGETED_DEVICE_FAMILY = "1,2";
				TEST_TARGET_NAME = WireLoop;
			};
			name = Release;
		};
/* End XCBuildConfiguration section */

/* Begin XCConfigurationList section */
		0F7297B72086B76400F3D67A /* Build configuration list for PBXProject "WireLoop" */ = {
			isa = XCConfigurationList;
			buildConfigurations = (
				0F7297E82086B76400F3D67A /* Debug */,
				0F7297E92086B76400F3D67A /* Release */,
			);
			defaultConfigurationIsVisible = 0;
			defaultConfigurationName = Release;
		};
		0F7297EA2086B76400F3D67A /* Build configuration list for PBXNativeTarget "WireLoop" */ = {
			isa = XCConfigurationList;
			buildConfigurations = (
				0F7297EB2086B76400F3D67A /* Debug */,
				0F7297EC2086B76400F3D67A /* Release */,
			);
			defaultConfigurationIsVisible = 0;
			defaultConfigurationName = Release;
		};
		0F7297ED2086B76400F3D67A /* Build configuration list for PBXNativeTarget "WireLoopTests" */ = {
			isa = XCConfigurationList;
			buildConfigurations = (
				0F7297EE2086B76400F3D67A /* Debug */,
				0F7297EF2086B76400F3D67A /* Release */,
			);
			defaultConfigurationIsVisible = 0;
			defaultConfigurationName = Release;
		};
		0F7297F02086B76400F3D67A /* Build configuration list for PBXNativeTarget "WireLoopUITests" */ = {
			isa = XCConfigurationList;
			buildConfigurations = (
				0F7297F12086B76400F3D67A /* Debug */,
				0F7297F22086B76400F3D67A /* Release */,
			);
			defaultConfigurationIsVisible = 0;
			defaultConfigurationName = Release;
		};
/* End XCConfigurationList section */
	};
	rootObject = 0F7297B42086B76400F3D67A /* Project object */;
}
